
Microsoft Visual Studio Solution File, Format Version 12.00
# Visual Studio 15
VisualStudioVersion = 15.0.26730.8
MinimumVisualStudioVersion = 10.0.40219.1
Project("{FAE04EC0-301F-11D3-BF4B-00C04F79EFBC}") = "UploadFile", "UploadFile\UploadFile.csproj", "{6337D807-7104-4982-8579-C64E5BBF7130}"
EndProject
Global
	GlobalSection(SolutionConfigurationPlatforms) = preSolution
		Debug|Any CPU = Debug|Any CPU
		Release|Any CPU = Release|Any CPU
	EndGlobalSection
	GlobalSection(ProjectConfigurationPlatforms) = postSolution
		{6337D807-7104-4982-8579-C64E5BBF7130}.Debug|Any CPU.ActiveCfg = Debug|Any CPU
		{6337D807-7104-4982-8579-C64E5BBF7130}.Debug|Any CPU.Build.0 = Debug|Any CPU
		{6337D807-7104-4982-8579-C64E5BBF7130}.Release|Any CPU.ActiveCfg = Release|Any CPU
		{6337D807-7104-4982-8579-C64E5BBF7130}.Release|Any CPU.Build.0 = Release|Any CPU
	EndGlobalSection
	GlobalSection(SolutionProperties) = preSolution
		HideSolutionNode = FALSE
	EndGlobalSection
	GlobalSection(ExtensibilityGlobals) = postSolution
		SolutionGuid = {7FFB9EC5-A97D-493E-9EC6-27334C9BB87D}
	EndGlobalSection
EndGlobal
